// !$*UTF8*$!
{
	archiveVersion = 1;
	classes = {
	};
	objectVersion = 50;
	objects = {

/* Begin PBXBuildFile section */
		49DAAFE5216DC0D100E58966 /* AppDelegate.m in Sources */ = {isa = PBXBuildFile; fileRef = 49DAAFE4216DC0D100E58966 /* AppDelegate.m */; };
		49DAAFEB216DC0D100E58966 /* Main.storyboard in Resources */ = {isa = PBXBuildFile; fileRef = 49DAAFE9216DC0D100E58966 /* Main.storyboard */; };
		49DAAFED216DC0D300E58966 /* Assets.xcassets in Resources */ = {isa = PBXBuildFile; fileRef = 49DAAFEC216DC0D300E58966 /* Assets.xcassets */; };
		49DAAFF0216DC0D300E58966 /* LaunchScreen.storyboard in Resources */ = {isa = PBXBuildFile; fileRef = 49DAAFEE216DC0D300E58966 /* LaunchScreen.storyboard */; };
		49DAAFF3216DC0D300E58966 /* main.m in Sources */ = {isa = PBXBuildFile; fileRef = 49DAAFF2216DC0D300E58966 /* main.m */; };
		49DAB006216DC1E800E58966 /* PhotoCollectionViewController.swift in Sources */ = {isa = PBXBuildFile; fileRef = 49DAB005216DC1E800E58966 /* PhotoCollectionViewController.swift */; };
		49DAB008216DC20C00E58966 /* PhotoDetailViewController.swift in Sources */ = {isa = PBXBuildFile; fileRef = 49DAB007216DC20C00E58966 /* PhotoDetailViewController.swift */; };
		49DAB00D216DC5B300E58966 /* DODCamera.m in Sources */ = {isa = PBXBuildFile; fileRef = 49DAB00C216DC5B300E58966 /* DODCamera.m */; };
		49DAB03C216EA18300E58966 /* DODMarsRover.m in Sources */ = {isa = PBXBuildFile; fileRef = 49DAB03B216EA18300E58966 /* DODMarsRover.m */; };
		49DAB03F216EA19A00E58966 /* DODSolDescriptor.m in Sources */ = {isa = PBXBuildFile; fileRef = 49DAB03E216EA19A00E58966 /* DODSolDescriptor.m */; };
		49DAB042216EA1B500E58966 /* DODCache.m in Sources */ = {isa = PBXBuildFile; fileRef = 49DAB041216EA1B500E58966 /* DODCache.m */; };
		49DAB045216EA1EA00E58966 /* DODImageCollectionViewCell.m in Sources */ = {isa = PBXBuildFile; fileRef = 49DAB044216EA1EA00E58966 /* DODImageCollectionViewCell.m */; };
		49DAB04B216EA26300E58966 /* DODMarsRoverClient.m in Sources */ = {isa = PBXBuildFile; fileRef = 49DAB04A216EA26300E58966 /* DODMarsRoverClient.m */; };
		49DAB04F216EA29E00E58966 /* URL+Secure.m in Sources */ = {isa = PBXBuildFile; fileRef = 49DAB04E216EA29E00E58966 /* URL+Secure.m */; };
		49DAB052216EA2B900E58966 /* Image+Filtering.m in Sources */ = {isa = PBXBuildFile; fileRef = 49DAB051216EA2B900E58966 /* Image+Filtering.m */; };
		49DAB054216EA88100E58966 /* MarsPhoto.swift in Sources */ = {isa = PBXBuildFile; fileRef = 49DAB053216EA88100E58966 /* MarsPhoto.swift */; };
/* End PBXBuildFile section */

/* Begin PBXFileReference section */
		49DAAFE0216DC0D100E58966 /* astronomy-objc-swift.app */ = {isa = PBXFileReference; explicitFileType = wrapper.application; includeInIndex = 0; path = "astronomy-objc-swift.app"; sourceTree = BUILT_PRODUCTS_DIR; };
		49DAAFE3216DC0D100E58966 /* AppDelegate.h */ = {isa = PBXFileReference; lastKnownFileType = sourcecode.c.h; path = AppDelegate.h; sourceTree = "<group>"; };
		49DAAFE4216DC0D100E58966 /* AppDelegate.m */ = {isa = PBXFileReference; lastKnownFileType = sourcecode.c.objc; path = AppDelegate.m; sourceTree = "<group>"; };
		49DAAFEA216DC0D100E58966 /* Base */ = {isa = PBXFileReference; lastKnownFileType = file.storyboard; name = Base; path = Base.lproj/Main.storyboard; sourceTree = "<group>"; };
		49DAAFEC216DC0D300E58966 /* Assets.xcassets */ = {isa = PBXFileReference; lastKnownFileType = folder.assetcatalog; path = Assets.xcassets; sourceTree = "<group>"; };
		49DAAFEF216DC0D300E58966 /* Base */ = {isa = PBXFileReference; lastKnownFileType = file.storyboard; name = Base; path = Base.lproj/LaunchScreen.storyboard; sourceTree = "<group>"; };
		49DAAFF1216DC0D300E58966 /* Info.plist */ = {isa = PBXFileReference; lastKnownFileType = text.plist.xml; path = Info.plist; sourceTree = "<group>"; };
		49DAAFF2216DC0D300E58966 /* main.m */ = {isa = PBXFileReference; lastKnownFileType = sourcecode.c.objc; path = main.m; sourceTree = "<group>"; };
		49DAB004216DC1E700E58966 /* astronomy-objc-swift-Bridging-Header.h */ = {isa = PBXFileReference; lastKnownFileType = sourcecode.c.h; path = "astronomy-objc-swift-Bridging-Header.h"; sourceTree = "<group>"; };
		49DAB005216DC1E800E58966 /* PhotoCollectionViewController.swift */ = {isa = PBXFileReference; lastKnownFileType = sourcecode.swift; path = PhotoCollectionViewController.swift; sourceTree = "<group>"; };
		49DAB007216DC20C00E58966 /* PhotoDetailViewController.swift */ = {isa = PBXFileReference; lastKnownFileType = sourcecode.swift; path = PhotoDetailViewController.swift; sourceTree = "<group>"; };
		49DAB00B216DC5B300E58966 /* DODCamera.h */ = {isa = PBXFileReference; lastKnownFileType = sourcecode.c.h; path = DODCamera.h; sourceTree = "<group>"; };
		49DAB00C216DC5B300E58966 /* DODCamera.m */ = {isa = PBXFileReference; lastKnownFileType = sourcecode.c.objc; path = DODCamera.m; sourceTree = "<group>"; };
		49DAB03A216EA18300E58966 /* DODMarsRover.h */ = {isa = PBXFileReference; lastKnownFileType = sourcecode.c.h; path = DODMarsRover.h; sourceTree = "<group>"; };
		49DAB03B216EA18300E58966 /* DODMarsRover.m */ = {isa = PBXFileReference; lastKnownFileType = sourcecode.c.objc; path = DODMarsRover.m; sourceTree = "<group>"; };
		49DAB03D216EA19A00E58966 /* DODSolDescriptor.h */ = {isa = PBXFileReference; lastKnownFileType = sourcecode.c.h; path = DODSolDescriptor.h; sourceTree = "<group>"; };
		49DAB03E216EA19A00E58966 /* DODSolDescriptor.m */ = {isa = PBXFileReference; lastKnownFileType = sourcecode.c.objc; path = DODSolDescriptor.m; sourceTree = "<group>"; };
		49DAB040216EA1B500E58966 /* DODCache.h */ = {isa = PBXFileReference; lastKnownFileType = sourcecode.c.h; path = DODCache.h; sourceTree = "<group>"; };
		49DAB041216EA1B500E58966 /* DODCache.m */ = {isa = PBXFileReference; lastKnownFileType = sourcecode.c.objc; path = DODCache.m; sourceTree = "<group>"; };
		49DAB043216EA1EA00E58966 /* DODImageCollectionViewCell.h */ = {isa = PBXFileReference; lastKnownFileType = sourcecode.c.h; path = DODImageCollectionViewCell.h; sourceTree = "<group>"; };
		49DAB044216EA1EA00E58966 /* DODImageCollectionViewCell.m */ = {isa = PBXFileReference; lastKnownFileType = sourcecode.c.objc; path = DODImageCollectionViewCell.m; sourceTree = "<group>"; };
		49DAB049216EA26300E58966 /* DODMarsRoverClient.h */ = {isa = PBXFileReference; lastKnownFileType = sourcecode.c.h; path = DODMarsRoverClient.h; sourceTree = "<group>"; };
		49DAB04A216EA26300E58966 /* DODMarsRoverClient.m */ = {isa = PBXFileReference; lastKnownFileType = sourcecode.c.objc; path = DODMarsRoverClient.m; sourceTree = "<group>"; };
		49DAB04D216EA29E00E58966 /* URL+Secure.h */ = {isa = PBXFileReference; lastKnownFileType = sourcecode.c.h; path = "URL+Secure.h"; sourceTree = "<group>"; };
		49DAB04E216EA29E00E58966 /* URL+Secure.m */ = {isa = PBXFileReference; lastKnownFileType = sourcecode.c.objc; path = "URL+Secure.m"; sourceTree = "<group>"; };
		49DAB050216EA2B900E58966 /* Image+Filtering.h */ = {isa = PBXFileReference; lastKnownFileType = sourcecode.c.h; path = "Image+Filtering.h"; sourceTree = "<group>"; };
		49DAB051216EA2B900E58966 /* Image+Filtering.m */ = {isa = PBXFileReference; lastKnownFileType = sourcecode.c.objc; path = "Image+Filtering.m"; sourceTree = "<group>"; };
		49DAB053216EA88100E58966 /* MarsPhoto.swift */ = {isa = PBXFileReference; fileEncoding = 4; lastKnownFileType = sourcecode.swift; path = MarsPhoto.swift; sourceTree = "<group>"; };
/* End PBXFileReference section */

/* Begin PBXFrameworksBuildPhase section */
		49DAAFDD216DC0D100E58966 /* Frameworks */ = {
			isa = PBXFrameworksBuildPhase;
			buildActionMask = 2147483647;
			files = (
			);
			runOnlyForDeploymentPostprocessing = 0;
		};
/* End PBXFrameworksBuildPhase section */

/* Begin PBXGroup section */
		49DAAFD7216DC0D100E58966 = {
			isa = PBXGroup;
			children = (
				49DAAFE2216DC0D100E58966 /* astronomy-objc-swift */,
				49DAAFE1216DC0D100E58966 /* Products */,
			);
			sourceTree = "<group>";
		};
		49DAAFE1216DC0D100E58966 /* Products */ = {
			isa = PBXGroup;
			children = (
				49DAAFE0216DC0D100E58966 /* astronomy-objc-swift.app */,
			);
			name = Products;
			sourceTree = "<group>";
		};
		49DAAFE2216DC0D100E58966 /* astronomy-objc-swift */ = {
			isa = PBXGroup;
			children = (
				49DAB004216DC1E700E58966 /* astronomy-objc-swift-Bridging-Header.h */,
				49DAAFF9216DC0DE00E58966 /* Model */,
				49DAAFFA216DC0E600E58966 /* Views */,
				49DAAFFB216DC0EB00E58966 /* Controllers */,
				49DAB000216DC1A900E58966 /* Networking */,
				49DAB04C216EA27C00E58966 /* Utilities  */,
				49DAAFFC216DC0F500E58966 /* Resources */,
			);
			path = "astronomy-objc-swift";
			sourceTree = "<group>";
		};
		49DAAFF9216DC0DE00E58966 /* Model */ = {
			isa = PBXGroup;
			children = (
				49DAB040216EA1B500E58966 /* DODCache.h */,
				49DAB041216EA1B500E58966 /* DODCache.m */,
				49DAB03A216EA18300E58966 /* DODMarsRover.h */,
				49DAB03B216EA18300E58966 /* DODMarsRover.m */,
				49DAB00B216DC5B300E58966 /* DODCamera.h */,
				49DAB00C216DC5B300E58966 /* DODCamera.m */,
				49DAB03D216EA19A00E58966 /* DODSolDescriptor.h */,
				49DAB03E216EA19A00E58966 /* DODSolDescriptor.m */,
				49DAB053216EA88100E58966 /* MarsPhoto.swift */,
			);
			path = Model;
			sourceTree = "<group>";
		};
		49DAAFFA216DC0E600E58966 /* Views */ = {
			isa = PBXGroup;
			children = (
				49DAB043216EA1EA00E58966 /* DODImageCollectionViewCell.h */,
				49DAB044216EA1EA00E58966 /* DODImageCollectionViewCell.m */,
				49DAAFEC216DC0D300E58966 /* Assets.xcassets */,
				49DAAFEE216DC0D300E58966 /* LaunchScreen.storyboard */,
			);
			path = Views;
			sourceTree = "<group>";
		};
		49DAAFFB216DC0EB00E58966 /* Controllers */ = {
			isa = PBXGroup;
			children = (
				49DAB005216DC1E800E58966 /* PhotoCollectionViewController.swift */,
				49DAB007216DC20C00E58966 /* PhotoDetailViewController.swift */,
			);
			path = Controllers;
			sourceTree = "<group>";
		};
		49DAAFFC216DC0F500E58966 /* Resources */ = {
			isa = PBXGroup;
			children = (
				49DAAFE3216DC0D100E58966 /* AppDelegate.h */,
				49DAAFE4216DC0D100E58966 /* AppDelegate.m */,
				49DAAFE9216DC0D100E58966 /* Main.storyboard */,
				49DAAFF1216DC0D300E58966 /* Info.plist */,
				49DAAFF2216DC0D300E58966 /* main.m */,
			);
			path = Resources;
			sourceTree = "<group>";
		};
		49DAB000216DC1A900E58966 /* Networking */ = {
			isa = PBXGroup;
			children = (
				49DAB049216EA26300E58966 /* DODMarsRoverClient.h */,
				49DAB04A216EA26300E58966 /* DODMarsRoverClient.m */,
			);
			path = Networking;
			sourceTree = "<group>";
		};
		49DAB04C216EA27C00E58966 /* Utilities  */ = {
			isa = PBXGroup;
			children = (
				49DAB04D216EA29E00E58966 /* URL+Secure.h */,
				49DAB04E216EA29E00E58966 /* URL+Secure.m */,
				49DAB050216EA2B900E58966 /* Image+Filtering.h */,
				49DAB051216EA2B900E58966 /* Image+Filtering.m */,
			);
			path = "Utilities ";
			sourceTree = "<group>";
		};
/* End PBXGroup section */

/* Begin PBXNativeTarget section */
		49DAAFDF216DC0D100E58966 /* astronomy-objc-swift */ = {
			isa = PBXNativeTarget;
			buildConfigurationList = 49DAAFF6216DC0D300E58966 /* Build configuration list for PBXNativeTarget "astronomy-objc-swift" */;
			buildPhases = (
				49DAAFDC216DC0D100E58966 /* Sources */,
				49DAAFDD216DC0D100E58966 /* Frameworks */,
				49DAAFDE216DC0D100E58966 /* Resources */,
			);
			buildRules = (
			);
			dependencies = (
			);
			name = "astronomy-objc-swift";
			productName = "astronomy-objc-swift";
			productReference = 49DAAFE0216DC0D100E58966 /* astronomy-objc-swift.app */;
			productType = "com.apple.product-type.application";
		};
/* End PBXNativeTarget section */

/* Begin PBXProject section */
		49DAAFD8216DC0D100E58966 /* Project object */ = {
			isa = PBXProject;
			attributes = {
				LastUpgradeCheck = 1000;
				ORGANIZATIONNAME = "David Doswell";
				TargetAttributes = {
					49DAAFDF216DC0D100E58966 = {
						CreatedOnToolsVersion = 10.0;
						LastSwiftMigration = 1000;
					};
				};
			};
			buildConfigurationList = 49DAAFDB216DC0D100E58966 /* Build configuration list for PBXProject "astronomy-objc-swift" */;
			compatibilityVersion = "Xcode 9.3";
			developmentRegion = en;
			hasScannedForEncodings = 0;
			knownRegions = (
				en,
				Base,
			);
			mainGroup = 49DAAFD7216DC0D100E58966;
			productRefGroup = 49DAAFE1216DC0D100E58966 /* Products */;
			projectDirPath = "";
			projectRoot = "";
			targets = (
				49DAAFDF216DC0D100E58966 /* astronomy-objc-swift */,
			);
		};
/* End PBXProject section */

/* Begin PBXResourcesBuildPhase section */
		49DAAFDE216DC0D100E58966 /* Resources */ = {
			isa = PBXResourcesBuildPhase;
			buildActionMask = 2147483647;
			files = (
				49DAAFF0216DC0D300E58966 /* LaunchScreen.storyboard in Resources */,
				49DAAFED216DC0D300E58966 /* Assets.xcassets in Resources */,
				49DAAFEB216DC0D100E58966 /* Main.storyboard in Resources */,
			);
			runOnlyForDeploymentPostprocessing = 0;
		};
/* End PBXResourcesBuildPhase section */

/* Begin PBXSourcesBuildPhase section */
		49DAAFDC216DC0D100E58966 /* Sources */ = {
			isa = PBXSourcesBuildPhase;
			buildActionMask = 2147483647;
			files = (
				49DAB042216EA1B500E58966 /* DODCache.m in Sources */,
				49DAB054216EA88100E58966 /* MarsPhoto.swift in Sources */,
				49DAAFF3216DC0D300E58966 /* main.m in Sources */,
				49DAB03F216EA19A00E58966 /* DODSolDescriptor.m in Sources */,
				49DAAFE5216DC0D100E58966 /* AppDelegate.m in Sources */,
				49DAB04F216EA29E00E58966 /* URL+Secure.m in Sources */,
				49DAB04B216EA26300E58966 /* DODMarsRoverClient.m in Sources */,
				49DAB00D216DC5B300E58966 /* DODCamera.m in Sources */,
				49DAB03C216EA18300E58966 /* DODMarsRover.m in Sources */,
				49DAB008216DC20C00E58966 /* PhotoDetailViewController.swift in Sources */,
				49DAB045216EA1EA00E58966 /* DODImageCollectionViewCell.m in Sources */,
				49DAB052216EA2B900E58966 /* Image+Filtering.m in Sources */,
				49DAB006216DC1E800E58966 /* PhotoCollectionViewController.swift in Sources */,
			);
			runOnlyForDeploymentPostprocessing = 0;
		};
/* End PBXSourcesBuildPhase section */

/* Begin PBXVariantGroup section */
		49DAAFE9216DC0D100E58966 /* Main.storyboard */ = {
			isa = PBXVariantGroup;
			children = (
				49DAAFEA216DC0D100E58966 /* Base */,
			);
			name = Main.storyboard;
			sourceTree = "<group>";
		};
		49DAAFEE216DC0D300E58966 /* LaunchScreen.storyboard */ = {
			isa = PBXVariantGroup;
			children = (
				49DAAFEF216DC0D300E58966 /* Base */,
			);
			name = LaunchScreen.storyboard;
			sourceTree = "<group>";
		};
/* End PBXVariantGroup section */

/* Begin XCBuildConfiguration section */
		49DAAFF4216DC0D300E58966 /* Debug */ = {
			isa = XCBuildConfiguration;
			buildSettings = {
				ALWAYS_SEARCH_USER_PATHS = NO;
				CLANG_ANALYZER_NONNULL = YES;
				CLANG_ANALYZER_NUMBER_OBJECT_CONVERSION = YES_AGGRESSIVE;
				CLANG_CXX_LANGUAGE_STANDARD = "gnu++14";
				CLANG_CXX_LIBRARY = "libc++";
				CLANG_ENABLE_MODULES = YES;
				CLANG_ENABLE_OBJC_ARC = YES;
				CLANG_ENABLE_OBJC_WEAK = YES;
				CLANG_WARN_BLOCK_CAPTURE_AUTORELEASING = YES;
				CLANG_WARN_BOOL_CONVERSION = YES;
				CLANG_WARN_COMMA = YES;
				CLANG_WARN_CONSTANT_CONVERSION = YES;
				CLANG_WARN_DEPRECATED_OBJC_IMPLEMENTATIONS = YES;
				CLANG_WARN_DIRECT_OBJC_ISA_USAGE = YES_ERROR;
				CLANG_WARN_DOCUMENTATION_COMMENTS = YES;
				CLANG_WARN_EMPTY_BODY = YES;
				CLANG_WARN_ENUM_CONVERSION = YES;
				CLANG_WARN_INFINITE_RECURSION = YES;
				CLANG_WARN_INT_CONVERSION = YES;
				CLANG_WARN_NON_LITERAL_NULL_CONVERSION = YES;
				CLANG_WARN_OBJC_IMPLICIT_RETAIN_SELF = YES;
				CLANG_WARN_OBJC_LITERAL_CONVERSION = YES;
				CLANG_WARN_OBJC_ROOT_CLASS = YES_ERROR;
				CLANG_WARN_RANGE_LOOP_ANALYSIS = YES;
				CLANG_WARN_STRICT_PROTOTYPES = YES;
				CLANG_WARN_SUSPICIOUS_MOVE = YES;
				CLANG_WARN_UNGUARDED_AVAILABILITY = YES_AGGRESSIVE;
				CLANG_WARN_UNREACHABLE_CODE = YES;
				CLANG_WARN__DUPLICATE_METHOD_MATCH = YES;
				CODE_SIGN_IDENTITY = "iPhone Developer";
				COPY_PHASE_STRIP = NO;
				DEBUG_INFORMATION_FORMAT = dwarf;
				ENABLE_STRICT_OBJC_MSGSEND = YES;
				ENABLE_TESTABILITY = YES;
				GCC_C_LANGUAGE_STANDARD = gnu11;
				GCC_DYNAMIC_NO_PIC = NO;
				GCC_NO_COMMON_BLOCKS = YES;
				GCC_OPTIMIZATION_LEVEL = 0;
				GCC_PREPROCESSOR_DEFINITIONS = (
					"DEBUG=1",
					"$(inherited)",
				);
				GCC_WARN_64_TO_32_BIT_CONVERSION = YES;
				GCC_WARN_ABOUT_RETURN_TYPE = YES_ERROR;
				GCC_WARN_UNDECLARED_SELECTOR = YES;
				GCC_WARN_UNINITIALIZED_AUTOS = YES_AGGRESSIVE;
				GCC_WARN_UNUSED_FUNCTION = YES;
				GCC_WARN_UNUSED_VARIABLE = YES;
				IPHONEOS_DEPLOYMENT_TARGET = 12.0;
				MTL_ENABLE_DEBUG_INFO = INCLUDE_SOURCE;
				MTL_FAST_MATH = YES;
				ONLY_ACTIVE_ARCH = YES;
				SDKROOT = iphoneos;
			};
			name = Debug;
		};
		49DAAFF5216DC0D300E58966 /* Release */ = {
			isa = XCBuildConfiguration;
			buildSettings = {
				ALWAYS_SEARCH_USER_PATHS = NO;
				CLANG_ANALYZER_NONNULL = YES;
				CLANG_ANALYZER_NUMBER_OBJECT_CONVERSION = YES_AGGRESSIVE;
				CLANG_CXX_LANGUAGE_STANDARD = "gnu++14";
				CLANG_CXX_LIBRARY = "libc++";
				CLANG_ENABLE_MODULES = YES;
				CLANG_ENABLE_OBJC_ARC = YES;
				CLANG_ENABLE_OBJC_WEAK = YES;
				CLANG_WARN_BLOCK_CAPTURE_AUTORELEASING = YES;
				CLANG_WARN_BOOL_CONVERSION = YES;
				CLANG_WARN_COMMA = YES;
				CLANG_WARN_CONSTANT_CONVERSION = YES;
				CLANG_WARN_DEPRECATED_OBJC_IMPLEMENTATIONS = YES;
				CLANG_WARN_DIRECT_OBJC_ISA_USAGE = YES_ERROR;
				CLANG_WARN_DOCUMENTATION_COMMENTS = YES;
				CLANG_WARN_EMPTY_BODY = YES;
				CLANG_WARN_ENUM_CONVERSION = YES;
				CLANG_WARN_INFINITE_RECURSION = YES;
				CLANG_WARN_INT_CONVERSION = YES;
				CLANG_WARN_NON_LITERAL_NULL_CONVERSION = YES;
				CLANG_WARN_OBJC_IMPLICIT_RETAIN_SELF = YES;
				CLANG_WARN_OBJC_LITERAL_CONVERSION = YES;
				CLANG_WARN_OBJC_ROOT_CLASS = YES_ERROR;
				CLANG_WARN_RANGE_LOOP_ANALYSIS = YES;
				CLANG_WARN_STRICT_PROTOTYPES = YES;
				CLANG_WARN_SUSPICIOUS_MOVE = YES;
				CLANG_WARN_UNGUARDED_AVAILABILITY = YES_AGGRESSIVE;
				CLANG_WARN_UNREACHABLE_CODE = YES;
				CLANG_WARN__DUPLICATE_METHOD_MATCH = YES;
				CODE_SIGN_IDENTITY = "iPhone Developer";
				COPY_PHASE_STRIP = NO;
				DEBUG_INFORMATION_FORMAT = "dwarf-with-dsym";
				ENABLE_NS_ASSERTIONS = NO;
				ENABLE_STRICT_OBJC_MSGSEND = YES;
				GCC_C_LANGUAGE_STANDARD = gnu11;
				GCC_NO_COMMON_BLOCKS = YES;
				GCC_WARN_64_TO_32_BIT_CONVERSION = YES;
				GCC_WARN_ABOUT_RETURN_TYPE = YES_ERROR;
				GCC_WARN_UNDECLARED_SELECTOR = YES;
				GCC_WARN_UNINITIALIZED_AUTOS = YES_AGGRESSIVE;
				GCC_WARN_UNUSED_FUNCTION = YES;
				GCC_WARN_UNUSED_VARIABLE = YES;
				IPHONEOS_DEPLOYMENT_TARGET = 12.0;
				MTL_ENABLE_DEBUG_INFO = NO;
				MTL_FAST_MATH = YES;
				SDKROOT = iphoneos;
				VALIDATE_PRODUCT = YES;
			};
			name = Release;
		};
		49DAAFF7216DC0D300E58966 /* Debug */ = {
			isa = XCBuildConfiguration;
			buildSettings = {
				ASSETCATALOG_COMPILER_APPICON_NAME = AppIcon;
				CLANG_ENABLE_MODULES = YES;
				CODE_SIGN_STYLE = Automatic;
				DEVELOPMENT_TEAM = WEBVY2C5S6;
				INFOPLIST_FILE = "$(SRCROOT)/astronomy-objc-swift/Resources/Info.plist";
				LD_RUNPATH_SEARCH_PATHS = (
					"$(inherited)",
					"@executable_path/Frameworks",
				);
				PRODUCT_BUNDLE_IDENTIFIER = "com.doswelloliverdavid.astronomy-objc-swift";
				PRODUCT_NAME = "$(TARGET_NAME)";
				SWIFT_OBJC_BRIDGING_HEADER = "astronomy-objc-swift/astronomy-objc-swift-Bridging-Header.h";
				SWIFT_OPTIMIZATION_LEVEL = "-Onone";
				SWIFT_VERSION = 4.2;
				TARGETED_DEVICE_FAMILY = "1,2";
			};
			name = Debug;
		};
		49DAAFF8216DC0D300E58966 /* Release */ = {
			isa = XCBuildConfiguration;
			buildSettings = {
				ASSETCATALOG_COMPILER_APPICON_NAME = AppIcon;
				CLANG_ENABLE_MODULES = YES;
				CODE_SIGN_STYLE = Automatic;
				DEVELOPMENT_TEAM = WEBVY2C5S6;
				INFOPLIST_FILE = "$(SRCROOT)/astronomy-objc-swift/Resources/Info.plist";
				LD_RUNPATH_SEARCH_PATHS = (
					"$(inherited)",
					"@executable_path/Frameworks",
				);
				PRODUCT_BUNDLE_IDENTIFIER = "com.doswelloliverdavid.astronomy-objc-swift";
				PRODUCT_NAME = "$(TARGET_NAME)";
				SWIFT_OBJC_BRIDGING_HEADER = "astronomy-objc-swift/astronomy-objc-swift-Bridging-Header.h";
				SWIFT_VERSION = 4.2;
				TARGETED_DEVICE_FAMILY = "1,2";
			};
			name = Release;
		};
/* End XCBuildConfiguration section */

/* Begin XCConfigurationList section */
		49DAAFDB216DC0D100E58966 /* Build configuration list for PBXProject "astronomy-objc-swift" */ = {
			isa = XCConfigurationList;
			buildConfigurations = (
				49DAAFF4216DC0D300E58966 /* Debug */,
				49DAAFF5216DC0D300E58966 /* Release */,
			);
			defaultConfigurationIsVisible = 0;
			defaultConfigurationName = Release;
		};
		49DAAFF6216DC0D300E58966 /* Build configuration list for PBXNativeTarget "astronomy-objc-swift" */ = {
			isa = XCConfigurationList;
			buildConfigurations = (
				49DAAFF7216DC0D300E58966 /* Debug */,
				49DAAFF8216DC0D300E58966 /* Release */,
			);
			defaultConfigurationIsVisible = 0;
			defaultConfigurationName = Release;
		};
/* End XCConfigurationList section */
	};
	rootObject = 49DAAFD8216DC0D100E58966 /* Project object */;
}
